github.com/josuebrunel/gopkg/assert v0.1.0 h1:gmOB8E7nl/HXcychQL2/VoOdLo1xQQYO7gnwnDcMsFs=
github.com/josuebrunel/gopkg/assert v0.1.0/go.mod h1:qjQaOQuJvSCZMR8REOPm1OocOeF1io7INhBuq86qDVI=
golang.org/x/exp v0.0.0-20240823005443-9b4947da3948 h1:kx6Ds3MlpiUHKj7syVnbp57++8WpuKPcR5yjLBjvLEA=
golang.org/x/exp v0.0.0-20240823005443-9b4947da3948/go.mod h1:akd2r19cwCdwSwWeIdzYQGa/EZZyqcOdwWiwj5L5eKQ=
